
Microsoft Visual Studio Solution File, Format Version 12.00
# Visual Studio 2012
Project("{FAE04EC0-301F-11D3-BF4B-00C04F79EFBC}") = "WindowsFormsApplication1", "WindowsFormsApplication1\WindowsFormsApplication1.csproj", "{FB219C8C-9608-4E38-B3F0-F5B5EE13A5AD}"
EndProject
Global
	GlobalSection(SolutionConfigurationPlatforms) = preSolution
		Debug|Any CPU = Debug|Any CPU
		Release|Any CPU = Release|Any CPU
	EndGlobalSection
	GlobalSection(ProjectConfigurationPlatforms) = postSolution
		{FB219C8C-9608-4E38-B3F0-F5B5EE13A5AD}.Debug|Any CPU.ActiveCfg = Debug|Any CPU
		{FB219C8C-9608-4E38-B3F0-F5B5EE13A5AD}.Debug|Any CPU.Build.0 = Debug|Any CPU
		{FB219C8C-9608-4E38-B3F0-F5B5EE13A5AD}.Release|Any CPU.ActiveCfg = Release|Any CPU
		{FB219C8C-9608-4E38-B3F0-F5B5EE13A5AD}.Release|Any CPU.Build.0 = Release|Any CPU
	EndGlobalSection
	GlobalSection(SolutionProperties) = preSolution
		HideSolutionNode = FALSE
	EndGlobalSection
EndGlobal
