
Microsoft Visual Studio Solution File, Format Version 11.00
# Visual C# Express 2010
Project("{FAE04EC0-301F-11D3-BF4B-00C04F79EFBC}") = "mouse_kinect", "mouse_kinect\mouse_kinect.csproj", "{DF43AE2C-E884-470A-A474-32CF38285E44}"
EndProject
Global
	GlobalSection(SolutionConfigurationPlatforms) = preSolution
		Debug|x86 = Debug|x86
		Release|x86 = Release|x86
	EndGlobalSection
	GlobalSection(ProjectConfigurationPlatforms) = postSolution
		{DF43AE2C-E884-470A-A474-32CF38285E44}.Debug|x86.ActiveCfg = Debug|x86
		{DF43AE2C-E884-470A-A474-32CF38285E44}.Debug|x86.Build.0 = Debug|x86
		{DF43AE2C-E884-470A-A474-32CF38285E44}.Release|x86.ActiveCfg = Release|x86
		{DF43AE2C-E884-470A-A474-32CF38285E44}.Release|x86.Build.0 = Release|x86
	EndGlobalSection
	GlobalSection(SolutionProperties) = preSolution
		HideSolutionNode = FALSE
	EndGlobalSection
EndGlobal
